{
  "name": "loro",
  "version": "1.0.0",
  "lockfileVersion": 3,
  "requires": true,
  "packages": {
    "": {
      "name": "loro",
      "version": "1.0.0",
      "license": "MIT",
      "dependencies": {
        "loro-crdt": "^0.10.0"
      }
    },
    "node_modules/loro-crdt": {
      "version": "0.10.0",
      "resolved": "https://registry.npmjs.org/loro-crdt/-/loro-crdt-0.10.0.tgz",
      "integrity": "sha512-B9rYksjiEyv4nRbkkcU+6FRsvl5WtK9a9s2XPUAQfrBbVXQxZFaSZQHfflHAcWnYeV0JVhFEHfYTYfi5pf35iQ==",
      "dependencies": {
        "loro-wasm": "0.10.0"
      }
    },
    "node_modules/loro-wasm": {
      "version": "0.10.0",
      "resolved": "https://registry.npmjs.org/loro-wasm/-/loro-wasm-0.10.0.tgz",
      "integrity": "sha512-BjI2GJmSa92YOlo4NhZDGXKOz+edqOu98qmtiIaRIcGUe9wA/qCq889A23rt3w2SyaQ4HQmj8ODLpIBE1eQgGw=="
    }
  }
}
