{
  "name": "loro",
  "version": "1.0.0",
  "lockfileVersion": 3,
  "requires": true,
  "packages": {
    "": {
      "name": "loro",
      "version": "1.0.0",
      "license": "MIT",
      "dependencies": {
        "loro-crdt": "^0.10.1",
        "loro-wasm": "^0.10.1"
      }
    },
    "node_modules/.pnpm/loro-crdt@0.10.1": {},
    "node_modules/.pnpm/loro-crdt@0.10.1/node_modules/loro-crdt": {
      "version": "0.10.1",
      "license": "MIT",
      "dependencies": {
        "loro-wasm": "0.10.1"
      }
    },
    "node_modules/.pnpm/loro-wasm@0.10.1/node_modules/loro-wasm": {
      "version": "0.10.1",
      "extraneous": true,
      "license": "MIT",
      "devDependencies": {
        "vite-plugin-top-level-await": "^1.2.2",
        "vite-plugin-wasm": "^3.1.0"
      }
    },
    "node_modules/loro-crdt": {
      "resolved": "node_modules/.pnpm/loro-crdt@0.10.1/node_modules/loro-crdt",
      "link": true
    },
    "node_modules/loro-wasm": {
      "version": "0.10.1",
      "resolved": "https://registry.npmjs.org/loro-wasm/-/loro-wasm-0.10.1.tgz",
      "integrity": "sha512-H8NmkUcGyg0bnhTl87Xma7TBoJUtEuq9kKQA+KimHqVj5xi5r1raog8DN3XYVotUzKEC0owRGvt6orJSdYRCtw=="
    }
  }
}
