{
  "name": "automerge-wasm",
  "lockfileVersion": 2,
  "requires": true,
  "packages": {
    "": {
      "name": "automerge-wasm",
      "dependencies": {
        "automerge-wasm": "^0.1.2"
      }
    },
    "node_modules/automerge-wasm": {
      "version": "0.1.3",
      "resolved": "https://registry.npmjs.org/automerge-wasm/-/automerge-wasm-0.1.3.tgz",
      "integrity": "sha512-EYxkpuMCu7btPnsSp6U28NownmepWYXryt6oHOfACyyu0+eh/sGV/4FCT4YNuvcJ6XtrGs2YCymgUn9qAPG59Q=="
    }
  },
  "dependencies": {
    "automerge-wasm": {
      "version": "0.1.3",
      "resolved": "https://registry.npmjs.org/automerge-wasm/-/automerge-wasm-0.1.3.tgz",
      "integrity": "sha512-EYxkpuMCu7btPnsSp6U28NownmepWYXryt6oHOfACyyu0+eh/sGV/4FCT4YNuvcJ6XtrGs2YCymgUn9qAPG59Q=="
    }
  }
}
