{
  "name": "ywasm",
  "version": "1.0.0",
  "lockfileVersion": 2,
  "requires": true,
  "packages": {
    "": {
      "name": "ywasm",
      "version": "1.0.0",
      "license": "MIT",
      "dependencies": {
        "ywasm": "^0.9.1"
      }
    },
    "node_modules/ywasm": {
      "version": "0.9.1",
      "resolved": "https://registry.npmjs.org/ywasm/-/ywasm-0.9.1.tgz",
      "integrity": "sha512-96dW6dhqExKS9GgcXRl4tMBuMjhHQ8qjTRIYGgPNtbY2RBDtuCipPN0VO5ervEfJTlhwAu4nC4OFLmg2KW6q5g=="
    }
  },
  "dependencies": {
    "ywasm": {
      "version": "0.9.1",
      "resolved": "https://registry.npmjs.org/ywasm/-/ywasm-0.9.1.tgz",
      "integrity": "sha512-96dW6dhqExKS9GgcXRl4tMBuMjhHQ8qjTRIYGgPNtbY2RBDtuCipPN0VO5ervEfJTlhwAu4nC4OFLmg2KW6q5g=="
    }
  }
}
