{
  "name": "ywasm",
  "version": "1.0.0",
  "lockfileVersion": 2,
  "requires": true,
  "packages": {
    "": {
      "name": "ywasm",
      "version": "1.0.0",
      "license": "MIT",
      "dependencies": {
        "ywasm": "^0.8"
      }
    },
    "node_modules/ywasm": {
      "version": "0.8.0",
      "resolved": "https://registry.npmjs.org/ywasm/-/ywasm-0.8.0.tgz",
      "integrity": "sha512-nRWOaId6aQYrNmLRD1fItIAm8WwiU5/xRmKPeh+4+t4P0AUYXYL7xcoWEP8HHpMCdKOtWH3KR4pFr//+qkKYfg=="
    }
  },
  "dependencies": {
    "ywasm": {
      "version": "0.8.0",
      "resolved": "https://registry.npmjs.org/ywasm/-/ywasm-0.8.0.tgz",
      "integrity": "sha512-nRWOaId6aQYrNmLRD1fItIAm8WwiU5/xRmKPeh+4+t4P0AUYXYL7xcoWEP8HHpMCdKOtWH3KR4pFr//+qkKYfg=="
    }
  }
}
