{
  "name": "ywasm",
  "version": "1.0.0",
  "lockfileVersion": 2,
  "requires": true,
  "packages": {
    "": {
      "name": "ywasm",
      "version": "1.0.0",
      "license": "MIT",
      "dependencies": {
        "ywasm": "^0.9.1"
      }
    },
    "node_modules/ywasm": {
      "version": "0.9.3",
      "resolved": "https://registry.npmjs.org/ywasm/-/ywasm-0.9.3.tgz",
      "integrity": "sha512-jwI+XUR2wT6QMUc5yK6gUe+orTKZ3q4URbBQf0JOu6lGtmqD2vjLnIxm5ivg5iR87TuJh5bWtFVv3Dgyr5IEkg=="
    }
  },
  "dependencies": {
    "ywasm": {
      "version": "0.9.3",
      "resolved": "https://registry.npmjs.org/ywasm/-/ywasm-0.9.3.tgz",
      "integrity": "sha512-jwI+XUR2wT6QMUc5yK6gUe+orTKZ3q4URbBQf0JOu6lGtmqD2vjLnIxm5ivg5iR87TuJh5bWtFVv3Dgyr5IEkg=="
    }
  }
}
